
Microsoft Visual Studio Solution File, Format Version 12.00
# Visual Studio Version 16
VisualStudioVersion = 16.0.31112.23
MinimumVisualStudioVersion = 10.0.40219.1
Project("{FAE04EC0-301F-11D3-BF4B-00C04F79EFBC}") = "Project", "Project\Project.csproj", "{11B16E79-373B-4B0E-A78B-2EA04AE6E2A8}"
EndProject
Global
	GlobalSection(SolutionConfigurationPlatforms) = preSolution
		Debug|Any CPU = Debug|Any CPU
		Release|Any CPU = Release|Any CPU
	EndGlobalSection
	GlobalSection(ProjectConfigurationPlatforms) = postSolution
		{11B16E79-373B-4B0E-A78B-2EA04AE6E2A8}.Debug|Any CPU.ActiveCfg = Debug|Any CPU
		{11B16E79-373B-4B0E-A78B-2EA04AE6E2A8}.Debug|Any CPU.Build.0 = Debug|Any CPU
		{11B16E79-373B-4B0E-A78B-2EA04AE6E2A8}.Release|Any CPU.ActiveCfg = Release|Any CPU
		{11B16E79-373B-4B0E-A78B-2EA04AE6E2A8}.Release|Any CPU.Build.0 = Release|Any CPU
	EndGlobalSection
	GlobalSection(SolutionProperties) = preSolution
		HideSolutionNode = FALSE
	EndGlobalSection
	GlobalSection(ExtensibilityGlobals) = postSolution
		SolutionGuid = {29792228-4359-4DE3-86C0-2B037FF18AC0}
	EndGlobalSection
EndGlobal
